// !$*UTF8*$!
{
	archiveVersion = 1;
	classes = {
	};
	objectVersion = 46;
	objects = {

/* Begin PBXBuildFile section */
		AB74918E1F005A07007CDFB4 /* AppDelegate.swift in Sources */ = {isa = PBXBuildFile; fileRef = AB74918D1F005A07007CDFB4 /* AppDelegate.swift */; };
		AB7491901F005A07007CDFB4 /* ViewController.swift in Sources */ = {isa = PBXBuildFile; fileRef = AB74918F1F005A07007CDFB4 /* ViewController.swift */; };
		AB7491931F005A07007CDFB4 /* Main.storyboard in Resources */ = {isa = PBXBuildFile; fileRef = AB7491911F005A07007CDFB4 /* Main.storyboard */; };
		AB7491951F005A07007CDFB4 /* Assets.xcassets in Resources */ = {isa = PBXBuildFile; fileRef = AB7491941F005A07007CDFB4 /* Assets.xcassets */; };
		AB7491981F005A07007CDFB4 /* LaunchScreen.storyboard in Resources */ = {isa = PBXBuildFile; fileRef = AB7491961F005A07007CDFB4 /* LaunchScreen.storyboard */; };
/* End PBXBuildFile section */

/* Begin PBXFileReference section */
		AB74918A1F005A07007CDFB4 /* TCM-XXI.app */ = {isa = PBXFileReference; explicitFileType = wrapper.application; includeInIndex = 0; path = "TCM-XXI.app"; sourceTree = BUILT_PRODUCTS_DIR; };
		AB74918D1F005A07007CDFB4 /* AppDelegate.swift */ = {isa = PBXFileReference; lastKnownFileType = sourcecode.swift; path = AppDelegate.swift; sourceTree = "<group>"; };
		AB74918F1F005A07007CDFB4 /* ViewController.swift */ = {isa = PBXFileReference; lastKnownFileType = sourcecode.swift; path = ViewController.swift; sourceTree = "<group>"; };
		AB7491921F005A07007CDFB4 /* Base */ = {isa = PBXFileReference; lastKnownFileType = file.storyboard; name = Base; path = Base.lproj/Main.storyboard; sourceTree = "<group>"; };
		AB7491941F005A07007CDFB4 /* Assets.xcassets */ = {isa = PBXFileReference; lastKnownFileType = folder.assetcatalog; path = Assets.xcassets; sourceTree = "<group>"; };
		AB7491971F005A07007CDFB4 /* Base */ = {isa = PBXFileReference; lastKnownFileType = file.storyboard; name = Base; path = Base.lproj/LaunchScreen.storyboard; sourceTree = "<group>"; };
		AB7491991F005A07007CDFB4 /* Info.plist */ = {isa = PBXFileReference; lastKnownFileType = text.plist.xml; path = Info.plist; sourceTree = "<group>"; };
/* End PBXFileReference section */

/* Begin PBXFrameworksBuildPhase section */
		AB7491871F005A07007CDFB4 /* Frameworks */ = {
			isa = PBXFrameworksBuildPhase;
			buildActionMask = 2147483647;
			files = (
			);
			runOnlyForDeploymentPostprocessing = 0;
		};
/* End PBXFrameworksBuildPhase section */

/* Begin PBXGroup section */
		AB7491811F005A07007CDFB4 = {
			isa = PBXGroup;
			children = (
				AB74918C1F005A07007CDFB4 /* TCM-XXI */,
				AB74918B1F005A07007CDFB4 /* Products */,
			);
			sourceTree = "<group>";
		};
		AB74918B1F005A07007CDFB4 /* Products */ = {
			isa = PBXGroup;
			children = (
				AB74918A1F005A07007CDFB4 /* TCM-XXI.app */,
			);
			name = Products;
			sourceTree = "<group>";
		};
		AB74918C1F005A07007CDFB4 /* TCM-XXI */ = {
			isa = PBXGroup;
			children = (
				AB74918D1F005A07007CDFB4 /* AppDelegate.swift */,
				AB74918F1F005A07007CDFB4 /* ViewController.swift */,
				AB7491911F005A07007CDFB4 /* Main.storyboard */,
				AB7491941F005A07007CDFB4 /* Assets.xcassets */,
				AB7491961F005A07007CDFB4 /* LaunchScreen.storyboard */,
				AB7491991F005A07007CDFB4 /* Info.plist */,
			);
			path = "TCM-XXI";
			sourceTree = "<group>";
		};
/* End PBXGroup section */

/* Begin PBXNativeTarget section */
		AB7491891F005A07007CDFB4 /* TCM-XXI */ = {
			isa = PBXNativeTarget;
			buildConfigurationList = AB74919C1F005A07007CDFB4 /* Build configuration list for PBXNativeTarget "TCM-XXI" */;
			buildPhases = (
				AB7491861F005A07007CDFB4 /* Sources */,
				AB7491871F005A07007CDFB4 /* Frameworks */,
				AB7491881F005A07007CDFB4 /* Resources */,
			);
			buildRules = (
			);
			dependencies = (
			);
			name = "TCM-XXI";
			productName = "TCM-XXI";
			productReference = AB74918A1F005A07007CDFB4 /* TCM-XXI.app */;
			productType = "com.apple.product-type.application";
		};
/* End PBXNativeTarget section */

/* Begin PBXProject section */
		AB7491821F005A07007CDFB4 /* Project object */ = {
			isa = PBXProject;
			attributes = {
				LastSwiftUpdateCheck = 0830;
				LastUpgradeCheck = 0830;
				ORGANIZATIONNAME = LAGB;
				TargetAttributes = {
					AB7491891F005A07007CDFB4 = {
						CreatedOnToolsVersion = 8.3.3;
						DevelopmentTeam = VWSMFUQHS2;
						ProvisioningStyle = Automatic;
					};
				};
			};
			buildConfigurationList = AB7491851F005A07007CDFB4 /* Build configuration list for PBXProject "TCM-XXI" */;
			compatibilityVersion = "Xcode 3.2";
			developmentRegion = English;
			hasScannedForEncodings = 0;
			knownRegions = (
				en,
				Base,
			);
			mainGroup = AB7491811F005A07007CDFB4;
			productRefGroup = AB74918B1F005A07007CDFB4 /* Products */;
			projectDirPath = "";
			projectRoot = "";
			targets = (
				AB7491891F005A07007CDFB4 /* TCM-XXI */,
			);
		};
/* End PBXProject section */

/* Begin PBXResourcesBuildPhase section */
		AB7491881F005A07007CDFB4 /* Resources */ = {
			isa = PBXResourcesBuildPhase;
			buildActionMask = 2147483647;
			files = (
				AB7491981F005A07007CDFB4 /* LaunchScreen.storyboard in Resources */,
				AB7491951F005A07007CDFB4 /* Assets.xcassets in Resources */,
				AB7491931F005A07007CDFB4 /* Main.storyboard in Resources */,
			);
			runOnlyForDeploymentPostprocessing = 0;
		};
/* End PBXResourcesBuildPhase section */

/* Begin PBXSourcesBuildPhase section */
		AB7491861F005A07007CDFB4 /* Sources */ = {
			isa = PBXSourcesBuildPhase;
			buildActionMask = 2147483647;
			files = (
				AB7491901F005A07007CDFB4 /* ViewController.swift in Sources */,
				AB74918E1F005A07007CDFB4 /* AppDelegate.swift in Sources */,
			);
			runOnlyForDeploymentPostprocessing = 0;
		};
/* End PBXSourcesBuildPhase section */

/* Begin PBXVariantGroup section */
		AB7491911F005A07007CDFB4 /* Main.storyboard */ = {
			isa = PBXVariantGroup;
			children = (
				AB7491921F005A07007CDFB4 /* Base */,
			);
			name = Main.storyboard;
			sourceTree = "<group>";
		};
		AB7491961F005A07007CDFB4 /* LaunchScreen.storyboard */ = {
			isa = PBXVariantGroup;
			children = (
				AB7491971F005A07007CDFB4 /* Base */,
			);
			name = LaunchScreen.storyboard;
			sourceTree = "<group>";
		};
/* End PBXVariantGroup section */

/* Begin XCBuildConfiguration section */
		AB74919A1F005A07007CDFB4 /* Debug */ = {
			isa = XCBuildConfiguration;
			buildSettings = {
				ALWAYS_SEARCH_USER_PATHS = NO;
				CLANG_ANALYZER_NONNULL = YES;
				CLANG_ANALYZER_NUMBER_OBJECT_CONVERSION = YES_AGGRESSIVE;
				CLANG_CXX_LANGUAGE_STANDARD = "gnu++0x";
				CLANG_CXX_LIBRARY = "libc++";
				CLANG_ENABLE_MODULES = YES;
				CLANG_ENABLE_OBJC_ARC = YES;
				CLANG_WARN_BOOL_CONVERSION = YES;
				CLANG_WARN_CONSTANT_CONVERSION = YES;
				CLANG_WARN_DIRECT_OBJC_ISA_USAGE = YES_ERROR;
				CLANG_WARN_DOCUMENTATION_COMMENTS = YES;
				CLANG_WARN_EMPTY_BODY = YES;
				CLANG_WARN_ENUM_CONVERSION = YES;
				CLANG_WARN_INFINITE_RECURSION = YES;
				CLANG_WARN_INT_CONVERSION = YES;
				CLANG_WARN_OBJC_ROOT_CLASS = YES_ERROR;
				CLANG_WARN_SUSPICIOUS_MOVE = YES;
				CLANG_WARN_UNREACHABLE_CODE = YES;
				CLANG_WARN__DUPLICATE_METHOD_MATCH = YES;
				"CODE_SIGN_IDENTITY[sdk=iphoneos*]" = "iPhone Developer";
				COPY_PHASE_STRIP = NO;
				DEBUG_INFORMATION_FORMAT = dwarf;
				ENABLE_STRICT_OBJC_MSGSEND = YES;
				ENABLE_TESTABILITY = YES;
				GCC_C_LANGUAGE_STANDARD = gnu99;
				GCC_DYNAMIC_NO_PIC = NO;
				GCC_NO_COMMON_BLOCKS = YES;
				GCC_OPTIMIZATION_LEVEL = 0;
				GCC_PREPROCESSOR_DEFINITIONS = (
					"DEBUG=1",
					"$(inherited)",
				);
				GCC_WARN_64_TO_32_BIT_CONVERSION = YES;
				GCC_WARN_ABOUT_RETURN_TYPE = YES_ERROR;
				GCC_WARN_UNDECLARED_SELECTOR = YES;
				GCC_WARN_UNINITIALIZED_AUTOS = YES_AGGRESSIVE;
				GCC_WARN_UNUSED_FUNCTION = YES;
				GCC_WARN_UNUSED_VARIABLE = YES;
				IPHONEOS_DEPLOYMENT_TARGET = 10.3;
				MTL_ENABLE_DEBUG_INFO = YES;
				ONLY_ACTIVE_ARCH = YES;
				SDKROOT = iphoneos;
				SWIFT_ACTIVE_COMPILATION_CONDITIONS = DEBUG;
				SWIFT_OPTIMIZATION_LEVEL = "-Onone";
			};
			name = Debug;
		};
		AB74919B1F005A07007CDFB4 /* Release */ = {
			isa = XCBuildConfiguration;
			buildSettings = {
				ALWAYS_SEARCH_USER_PATHS = NO;
				CLANG_ANALYZER_NONNULL = YES;
				CLANG_ANALYZER_NUMBER_OBJECT_CONVERSION = YES_AGGRESSIVE;
				CLANG_CXX_LANGUAGE_STANDARD = "gnu++0x";
				CLANG_CXX_LIBRARY = "libc++";
				CLANG_ENABLE_MODULES = YES;
				CLANG_ENABLE_OBJC_ARC = YES;
				CLANG_WARN_BOOL_CONVERSION = YES;
				CLANG_WARN_CONSTANT_CONVERSION = YES;
				CLANG_WARN_DIRECT_OBJC_ISA_USAGE = YES_ERROR;
				CLANG_WARN_DOCUMENTATION_COMMENTS = YES;
				CLANG_WARN_EMPTY_BODY = YES;
				CLANG_WARN_ENUM_CONVERSION = YES;
				CLANG_WARN_INFINITE_RECURSION = YES;
				CLANG_WARN_INT_CONVERSION = YES;
				CLANG_WARN_OBJC_ROOT_CLASS = YES_ERROR;
				CLANG_WARN_SUSPICIOUS_MOVE = YES;
				CLANG_WARN_UNREACHABLE_CODE = YES;
				CLANG_WARN__DUPLICATE_METHOD_MATCH = YES;
				"CODE_SIGN_IDENTITY[sdk=iphoneos*]" = "iPhone Developer";
				COPY_PHASE_STRIP = NO;
				DEBUG_INFORMATION_FORMAT = "dwarf-with-dsym";
				ENABLE_NS_ASSERTIONS = NO;
				ENABLE_STRICT_OBJC_MSGSEND = YES;
				GCC_C_LANGUAGE_STANDARD = gnu99;
				GCC_NO_COMMON_BLOCKS = YES;
				GCC_WARN_64_TO_32_BIT_CONVERSION = YES;
				GCC_WARN_ABOUT_RETURN_TYPE = YES_ERROR;
				GCC_WARN_UNDECLARED_SELECTOR = YES;
				GCC_WARN_UNINITIALIZED_AUTOS = YES_AGGRESSIVE;
				GCC_WARN_UNUSED_FUNCTION = YES;
				GCC_WARN_UNUSED_VARIABLE = YES;
				IPHONEOS_DEPLOYMENT_TARGET = 10.3;
				MTL_ENABLE_DEBUG_INFO = NO;
				SDKROOT = iphoneos;
				SWIFT_OPTIMIZATION_LEVEL = "-Owholemodule";
				VALIDATE_PRODUCT = YES;
			};
			name = Release;
		};
		AB74919D1F005A07007CDFB4 /* Debug */ = {
			isa = XCBuildConfiguration;
			buildSettings = {
				ASSETCATALOG_COMPILER_APPICON_NAME = AppIcon;
				DEVELOPMENT_TEAM = VWSMFUQHS2;
				INFOPLIST_FILE = "TCM-XXI/Info.plist";
				LD_RUNPATH_SEARCH_PATHS = "$(inherited) @executable_path/Frameworks";
				PRODUCT_BUNDLE_IDENTIFIER = "LAGB.TCM-XXI";
				PRODUCT_NAME = "$(TARGET_NAME)";
				SWIFT_VERSION = 3.0;
			};
			name = Debug;
		};
		AB74919E1F005A07007CDFB4 /* Release */ = {
			isa = XCBuildConfiguration;
			buildSettings = {
				ASSETCATALOG_COMPILER_APPICON_NAME = AppIcon;
				DEVELOPMENT_TEAM = VWSMFUQHS2;
				INFOPLIST_FILE = "TCM-XXI/Info.plist";
				LD_RUNPATH_SEARCH_PATHS = "$(inherited) @executable_path/Frameworks";
				PRODUCT_BUNDLE_IDENTIFIER = "LAGB.TCM-XXI";
				PRODUCT_NAME = "$(TARGET_NAME)";
				SWIFT_VERSION = 3.0;
			};
			name = Release;
		};
/* End XCBuildConfiguration section */

/* Begin XCConfigurationList section */
		AB7491851F005A07007CDFB4 /* Build configuration list for PBXProject "TCM-XXI" */ = {
			isa = XCConfigurationList;
			buildConfigurations = (
				AB74919A1F005A07007CDFB4 /* Debug */,
				AB74919B1F005A07007CDFB4 /* Release */,
			);
			defaultConfigurationIsVisible = 0;
			defaultConfigurationName = Release;
		};
		AB74919C1F005A07007CDFB4 /* Build configuration list for PBXNativeTarget "TCM-XXI" */ = {
			isa = XCConfigurationList;
			buildConfigurations = (
				AB74919D1F005A07007CDFB4 /* Debug */,
				AB74919E1F005A07007CDFB4 /* Release */,
			);
			defaultConfigurationIsVisible = 0;
		};
/* End XCConfigurationList section */
	};
	rootObject = AB7491821F005A07007CDFB4 /* Project object */;
}
